
Microsoft Visual Studio Solution File, Format Version 12.00
# Visual Studio 15
VisualStudioVersion = 15.0.28010.2026
MinimumVisualStudioVersion = 10.0.40219.1
Project("{FAE04EC0-301F-11D3-BF4B-00C04F79EFBC}") = "RobiGroup.AskMeFootball", "RobiGroup.AskMeFootball\RobiGroup.AskMeFootball.csproj", "{74919FBA-B472-469E-BB06-A0F5FDFFDEEA}"
EndProject
Project("{9A19103F-16F7-4668-BE54-9A1E7A4F7556}") = "RobiGroup.Web.Common", "..\mastera24\RobiGroup.Mastera24\RobiGroup.Web.Common\RobiGroup.Web.Common.csproj", "{866FE13F-BD1C-489C-B771-9701D2D6EA80}"
EndProject
Global
	GlobalSection(SolutionConfigurationPlatforms) = preSolution
		Debug|Any CPU = Debug|Any CPU
		Release|Any CPU = Release|Any CPU
	EndGlobalSection
	GlobalSection(ProjectConfigurationPlatforms) = postSolution
		{74919FBA-B472-469E-BB06-A0F5FDFFDEEA}.Debug|Any CPU.ActiveCfg = Debug|Any CPU
		{74919FBA-B472-469E-BB06-A0F5FDFFDEEA}.Debug|Any CPU.Build.0 = Debug|Any CPU
		{74919FBA-B472-469E-BB06-A0F5FDFFDEEA}.Release|Any CPU.ActiveCfg = Release|Any CPU
		{74919FBA-B472-469E-BB06-A0F5FDFFDEEA}.Release|Any CPU.Build.0 = Release|Any CPU
		{866FE13F-BD1C-489C-B771-9701D2D6EA80}.Debug|Any CPU.ActiveCfg = Debug|Any CPU
		{866FE13F-BD1C-489C-B771-9701D2D6EA80}.Debug|Any CPU.Build.0 = Debug|Any CPU
		{866FE13F-BD1C-489C-B771-9701D2D6EA80}.Release|Any CPU.ActiveCfg = Release|Any CPU
		{866FE13F-BD1C-489C-B771-9701D2D6EA80}.Release|Any CPU.Build.0 = Release|Any CPU
	EndGlobalSection
	GlobalSection(SolutionProperties) = preSolution
		HideSolutionNode = FALSE
	EndGlobalSection
	GlobalSection(ExtensibilityGlobals) = postSolution
		SolutionGuid = {935095DA-B16F-4DA7-A768-1DF3E2E453A1}
	EndGlobalSection
EndGlobal
